#MicroXplorer Configuration settings - do not modify
LWIP0.BSP.mode=
FREERTOS.Queues01=RobotLogProtoQ,16,TbotsProto_RobotLog,0,Dynamic,NULL,NULL
LWIP.LWIP_MULTICAST_TX_OPTIONS=0
PB13.GPIOParameters=GPIO_Label
RCC.USART1Freq_Value=108000000
RCC.TIM17Freq_Value=72000000
RCC.PLLCLKFreq_Value=216000000
PB14.GPIO_Label=LD3 [Red]
PG6.GPIO_Label=USB_PowerSwitchOn [STMPS2151STR_EN]
RCC.PLLQCLKFreq_Value=48000000
PD3.GPIOParameters=GPIO_Label
LWIP.LWIP_IPV6_DUP_DETECT_ATTEMPTS=3
PD8.Locked=true
RCC.RTCFreq_Value=32000
PA3.GPIOParameters=GPIO_Label
CORTEX_M7.AccessPermission-Cortex_Memory_Protection_Unit_Region2_Settings=MPU_REGION_FULL_ACCESS
PA6.GPIO_Label=wheel_motor_back_right_direction
PB6.GPIO_Label=wheel_motor_front_left_pwm
RCC.CpuClockFreq_Value=96000000
PD2.GPIOParameters=GPIO_Label
PC5.Mode=RMII
SH.S_TIM4_CH4.ConfNb=1
PB3\ (JTDO/TRACESWO).GPIOParameters=GPIO_Label
PB13.Signal=ETH_TXD1
PG13.Signal=ETH_TXD0
PA2.GPIOParameters=GPIO_Label
PinOutPanel.RotationAngle=0
PF6.GPIO_Label=wheel_motor_front_right_esf
RCC.MCO1PinFreq_Value=64000000
RCC.SYSCLKSource=RCC_SYSCLKSOURCE_PLLCLK
RCC.AHB4Freq_Value=96000000
Dma.UART8_RX.0.EventEnable=DISABLE
SH.GPXTI13.0=GPIO_EXTI13
USART3.VirtualMode-Asynchronous=VM_ASYNC
RCC.LPTIM1Freq_Value=96000000
NVIC.SVCall_IRQn=true\:0\:0\:false\:false\:false\:false\:true\:false
CORTEX_M7.Enable-Cortex_Memory_Protection_Unit_Region0_Settings=MPU_REGION_ENABLE
CORTEX_M7.IsBufferable-Cortex_Memory_Protection_Unit_Region1_Settings=MPU_ACCESS_NOT_BUFFERABLE
PD15.GPIOParameters=GPIO_Label
LWIP.IPParameters=CHECKSUM_BY_HARDWARE,LWIP_DNS,CMSIS_VERSION-Enabled,LWIP_MULTICAST_TX_OPTIONS,LWIP_IGMP,MEMP_MEM_MALLOC,MEM_LIBC_MALLOC,MEM_SIZE,SO_REUSE,LWIP_MULTICAST_PING,ETHARP_SUPPORT_VLAN,LWIP_IPV6,LWIP_IPV4,LWIP_SOCKET,LWIP_SO_RCVTIMEO,LWIP_SO_SNDTIMEO,LWIP_MPU_COMPATIBLE,LWIP_TCPIP_CORE_LOCKING,LWIP_TCPIP_CORE_LOCKING_INPUT,SYS_LIGHTWEIGHT_PROT,MEMP_NUM_MLD6_GROUP,LWIP_TCP,MEMP_NUM_UDP_PCB,LWIP_IPV6_FORWARD,LWIP_IPV6_NUM_ADDRESSES,LWIP_BROADCAST_PING,LWIP_IPV6_DUP_DETECT_ATTEMPTS,LWIP_SNTP
RCC.I2C4Freq_Value=96000000
RCC.APB2TimFreq_Value=216000000
PB6.Signal=S_TIM4_CH1
LWIP.LWIP_IGMP=1
RCC.DIVQ3Freq_Value=16125000
RCC.SAI2Freq_Value=96000000
PD8.Signal=USART3_TX
PE1.Signal=UART8_TX
FREERTOS.configMINIMAL_STACK_SIZE=1024
PB13.Locked=true
RCC.USART3Freq_Value=54000000
ProjectManager.ProjectBuild=false
TIM4.Channel-PWM\ Generation3\ CH3=TIM_CHANNEL_3
PG13.Locked=true
NVIC.UsageFault_IRQn=true\:0\:0\:false\:false\:true\:false\:true\:false
PA0.Locked=true
PB2.Signal=GPIO_Output
PA8.Locked=true
PF1.GPIO_Label=wheel_motor_front_right_reset
RCC.DIVM1=1
PB12.GPIO_Label=wheel_motor_back_left_coast
Dma.UART8_RX.0.SyncRequestNumber=1
ProjectManager.FirmwarePackage=STM32Cube FW_H7 V1.7.0
MxDb.Version=DB.5.0.60
Dma.UART8_RX.0.SyncSignalID=NONE
LWIP.MEM_SIZE=\  32768
ProjectManager.BackupPrevious=false
RCC.FMCFreq_Value=96000000
PC4.GPIO_Label=RMII_RXD0
LWIP.LWIP_SO_SNDTIMEO=0
PB1.GPIO_Label=wheel_motor_back_left_brake
RCC.USART16Freq_Value=96000000
SH.S_TIM4_CH2.0=TIM4_CH2,PWM Generation2 CH2
PA8.Signal=USB_OTG_FS_SOF
PF2.Locked=true
RCC.PLLRCLKFreq_Value=192000000
PE1.Locked=true
PB6.Locked=true
NVIC.PendSV_IRQn=true\:15\:0\:false\:false\:false\:true\:true\:false
TIM4.Period=400-1
PF3.Signal=GPIO_Output
LWIP.MEMP_NUM_MLD6_GROUP=10
LWIP.MEM_LIBC_MALLOC=1
RCC.DIVR2Freq_Value=16125000
RCC.PLLI2SoutputFreq_Value=48000000
ProjectManager.HalAssertFull=false
RCC.DIVP2Freq_Value=16125000
PA0.Signal=GPIO_Output
RCC.TIM1Freq_Value=72000000
RCC.PLLMCOFreq_Value=72000000
Dma.UART8_RX.0.PeriphDataAlignment=DMA_PDATAALIGN_BYTE
RCC.MCO2PinFreq_Value=96000000
Mcu.Package=LQFP144
PB9.Signal=GPIO_Output
PB1.Signal=GPIO_Output
RCC.TIM15Freq_Value=72000000
RCC.I2S2Freq_Value=48000000
PG13.GPIOParameters=GPIO_Label
RCC.ADC34outputFreq_Value=72000000
VP_SYS_VS_Systick.Signal=SYS_VS_Systick
USART3.IPParameters=VirtualMode-Asynchronous
PA10.Signal=USB_OTG_FS_ID
FREERTOS.FootprintOK=true
RCC.DFSDMFreq_Value=96000000
PB14.GPIOParameters=GPIO_Label
PC14-OSC32_IN\ (OSC32_IN).Mode=LSE-External-Oscillator
RCC.APB2CLKDivider=RCC_HCLK_DIV2
RCC.TraceFreq_Value=64000000
SH.S_TIM4_CH1.0=TIM4_CH1,PWM Generation1 CH1
RCC.APB4Freq_Value=96000000
RCC.CECFreq_Value=32000
RCC.SAI23Freq_Value=48000000
RCC.APB1TimFreq_Value=108000000
CORTEX_M7.Enable-Cortex_Memory_Protection_Unit_Region1_Settings=MPU_REGION_ENABLE
NVIC.BusFault_IRQn=true\:0\:0\:false\:false\:true\:false\:true\:false
RCC.LPUART1Freq_Value=96000000
USB_OTG_FS.IPParameters=VirtualMode
PB10.GPIOParameters=GPIO_Label
PB13.Mode=RMII
RCC.PLLI2SQoutputFreq_Value=48000000
RCC.DFSDMAudioFreq_Value=48000000
TIM4.Channel-PWM\ Generation4\ CH4=TIM_CHANNEL_4
PH0-OSC_IN\ (PH0).Mode=HSE-External-Clock-Source
PD15.Signal=S_TIM4_CH4
ProjectManager.CustomerFirmwarePackage=
PC4.GPIOParameters=GPIO_Label
CORTEX_M7.IsBufferable-Cortex_Memory_Protection_Unit_Region0_Settings=MPU_ACCESS_BUFFERABLE
PC4.Mode=RMII
PF4.GPIOParameters=GPIO_Label
RCC.PLLSAIQCLKFreq_Value=96000000
RCC.VCO3OutputFreq_Value=32250000
PA6.GPIOParameters=GPIO_Label
LWIP.MEMP_MEM_MALLOC=1
SH.S_TIM4_CH1.ConfNb=1
Dma.UART8_RX.0.MemInc=DMA_MINC_ENABLE
RCC.PLLQoutputFreq_Value=48000000
ProjectManager.ProjectFileName=frankie_v1.ioc
NVIC.UART8_IRQn=true\:5\:0\:false\:false\:true\:true\:true\:true
RCC.ADC12outputFreq_Value=72000000
RCC.DIVQ1=4
FREERTOS.Tasks01=NetStartTask,24,1024,io_proto_multicast_startNetworkingTask,As weak,NULL,Dynamic,NULL,NULL;RobotStatusTask,25,1024,io_proto_multicast_sender_task,As external,(void *)robot_status_msg_sender_profile,Dynamic,NULL,NULL;VisionMsgTask,24,1024,io_proto_multicast_listener_task,As external,(void *)vision_msg_listener_profile,Dynamic,NULL,NULL;PrimMsgTask,24,1024,io_proto_multicast_listener_task,As external,(void *)primitive_msg_listener_profile,Dynamic,NULL,NULL;testMsgUpdate,24,1024,test_msg_update,Default,(void *)robot_status_msg_sender_profile,Dynamic,NULL,NULL;RobotLogMsgSend,24,1024,io_proto_multicast_sender_task,As external,(void *)robot_log_msg_sender_profile,Dynamic,NULL,NULL;NetworkRobotLog,24,1024,io_network_logger_task,As external,(void*)robot_log_msg_sender_profile,Dynamic,NULL,NULL;UbloxOdinTask,24,1024,io_ublox_odinw262_communicator_task,As external,NULL,Dynamic,NULL,NULL
LWIP0.BSP.i2caddr=0
PD9.GPIO_Label=STLK_TX [STM32F103CBT6_PA2]
RCC.HPREFreq_Value=96000000
Mcu.PinsNb=60
PC13.Locked=true
PC13.Signal=GPXTI13
PA9.GPIO_Label=USB_VBUS
CORTEX_M7.IsBufferable-Cortex_Memory_Protection_Unit_Region2_Settings=MPU_ACCESS_BUFFERABLE
RCC.SWPMI1Freq_Value=96000000
PD3.Signal=GPIO_Output
PE1.Mode=Asynchronous
ETH.MACAddr=00\:AA\:AA\:AA\:AA\:00
PB11.GPIO_Label=wheel_motor_back_left_reset
PD13.GPIOParameters=GPIO_Label
PA11.GPIO_Label=USB_DM
LWIP.SYS_LIGHTWEIGHT_PROT=1
LWIP.LWIP_MPU_COMPATIBLE=0
TIM4.TIM_MasterSlaveMode=TIM_MASTERSLAVEMODE_DISABLE
RCC.UART8Freq_Value=54000000
PB14.Locked=true
PC0.Signal=GPIO_Output
RCC.APB1CLKDivider=RCC_HCLK_DIV4
RCC.QSPIFreq_Value=96000000
LWIP.LWIP_TCPIP_CORE_LOCKING=0
PG13.GPIO_Label=RMII_TXD0
LWIP.LWIP_MULTICAST_PING=1
RCC.PWR_Regulator_Voltage_Scale=PWR_REGULATOR_VOLTAGE_SCALE1
ETH.IPParameters=MediaInterface,MACAddr
RCC.WatchDogFreq_Value=32000
RCC.D1CPREFreq_Value=96000000
PB8.GPIO_Label=wheel_motor_front_left_direction
RCC.USART234578Freq_Value=96000000
PA11.Locked=true
RCC.Tim1OutputFreq_Value=96000000
PA8.GPIO_Label=USB_SOF [TP1]
Mcu.Pin59=VP_SYS_VS_Systick
Mcu.Pin57=VP_FREERTOS_VS_CMSIS_V2
RCC.SPI123Freq_Value=48000000
PC15-OSC32_OUT\ (OSC32_OUT).Locked=true
Mcu.Pin58=VP_LWIP_VS_Enabled
TIM4.IPParameters=Channel-PWM Generation1 CH1,Prescaler,Period,TIM_MasterSlaveMode,Channel-PWM Generation2 CH2,Channel-PWM Generation3 CH3,Channel-PWM Generation4 CH4
Mcu.Pin51=PB7
RCC.USART6Freq_Value=108000000
Mcu.Pin52=PB8
Mcu.Pin50=PB6
VP_CRC_VS_CRC.Signal=CRC_VS_CRC
Mcu.Pin55=PE1
Mcu.Pin56=VP_CRC_VS_CRC
Mcu.Pin53=PB9
Mcu.Pin54=PE0
PA9.Signal=USB_OTG_FS_VBUS
RCC.DIVN1=24
PB11.GPIOParameters=GPIO_Label
PB5.Locked=true
PB9.Locked=true
RCC.VCOInputMFreq_Value=500000
CORTEX_M7.BaseAddress-Cortex_Memory_Protection_Unit_Region0_Settings=0x30040000
PD8.Mode=Asynchronous
Mcu.Pin48=PB4 (NJTRST)
Mcu.Pin49=PB5
LWIP0.BSP.ip=
Mcu.Pin46=PG13
Mcu.Pin47=PB3 (JTDO/TRACESWO)
PB10.Signal=GPIO_Output
PF3.GPIOParameters=GPIO_Label
PB14.Signal=GPIO_Output
PG6.GPIOParameters=GPIO_Label
Mcu.Pin40=PA10
CORTEX_M7.Enable-Cortex_Memory_Protection_Unit_Region2_Settings=MPU_REGION_ENABLE
Mcu.Pin41=PA11
Dma.UART8_RX.0.FIFOMode=DMA_FIFOMODE_DISABLE
Mcu.Pin44=PD3
Mcu.Pin45=PG11
Mcu.Pin42=PA12
Mcu.Pin43=PD2
ProjectManager.LastFirmware=true
PF2.GPIOParameters=GPIO_Label
Dma.UART8_RX.0.Instance=DMA1_Stream0
RCC.AHB12Freq_Value=96000000
PA1.Mode=RMII
Mcu.Pin37=PC9
Mcu.Pin38=PA8
RCC.PRESCALERUSB=RCC_USBCLKSOURCE_PLL_DIV1_5
PB15.GPIO_Label=wheel_motor_back_left_mode
Mcu.Pin35=PG6
RCC.I2C1Freq_Value=54000000
Mcu.Pin36=PG7
RCC.PLLI2SPCLKFreq_Value=48000000
PG7.GPIO_Label=USB_OverCurrent [STMPS2151STR_FAULT]
Mcu.Pin39=PA9
RCC.RNGFreq_Value=48000000
PF4.GPIO_Label=wheel_motor_front_right_direction
Mcu.Pin30=PD8
Dma.UART8_RX.0.Polarity=HAL_DMAMUX_REQ_GEN_RISING
RCC.EthernetFreq_Value=8000000
Mcu.Pin33=PD14
CORTEX_M7.AccessPermission-Cortex_Memory_Protection_Unit_Region0_Settings=MPU_REGION_FULL_ACCESS
Mcu.Pin34=PD15
Mcu.Pin31=PD9
Mcu.Pin32=PD13
PA9.Locked=true
NVIC.NonMaskableInt_IRQn=true\:0\:0\:false\:false\:true\:false\:true\:false
LWIP.SO_REUSE=0
LWIP.CMSIS_VERSION-Enabled=1
ProjectManager.FreePins=false
PC9.GPIOParameters=GPIO_Label
RCC.LPTIM2Freq_Value=96000000
RCC.PLLI2SQCLKFreq_Value=96000000
Mcu.Pin26=PB12
Mcu.Pin27=PB13
RCC.RTCHSEDivFreq_Value=4000000
Mcu.Pin24=PB10
ProjectManager.UnderRoot=false
Mcu.Pin25=PB11
CORTEX_M7.IPParameters=CPU_DCache,CPU_ICache,MPU_Control,Enable-Cortex_Memory_Protection_Unit_Region0_Settings,BaseAddress-Cortex_Memory_Protection_Unit_Region0_Settings,Size-Cortex_Memory_Protection_Unit_Region0_Settings,AccessPermission-Cortex_Memory_Protection_Unit_Region0_Settings,IsBufferable-Cortex_Memory_Protection_Unit_Region0_Settings,Enable-Cortex_Memory_Protection_Unit_Region1_Settings,BaseAddress-Cortex_Memory_Protection_Unit_Region1_Settings,Size-Cortex_Memory_Protection_Unit_Region1_Settings,AccessPermission-Cortex_Memory_Protection_Unit_Region1_Settings,IsShareable-Cortex_Memory_Protection_Unit_Region1_Settings,IsBufferable-Cortex_Memory_Protection_Unit_Region1_Settings,TypeExtField-Cortex_Memory_Protection_Unit_Region1_Settings,IsCacheable-Cortex_Memory_Protection_Unit_Region1_Settings,Enable-Cortex_Memory_Protection_Unit_Region2_Settings,BaseAddress-Cortex_Memory_Protection_Unit_Region2_Settings,Size-Cortex_Memory_Protection_Unit_Region2_Settings,TypeExtField-Cortex_Memory_Protection_Unit_Region2_Settings,AccessPermission-Cortex_Memory_Protection_Unit_Region2_Settings,IsShareable-Cortex_Memory_Protection_Unit_Region2_Settings,IsCacheable-Cortex_Memory_Protection_Unit_Region2_Settings,IsBufferable-Cortex_Memory_Protection_Unit_Region2_Settings
Mcu.Pin28=PB14
Mcu.Pin29=PB15
NVIC.ETH_WKUP_IRQn=true\:5\:0\:false\:false\:true\:true\:true\:true
PD14.GPIOParameters=GPIO_Label
Mcu.Pin22=PB1
PB5.Signal=GPIO_Output
ETH.MediaInterface=HAL_ETH_RMII_MODE
Mcu.Pin23=PB2
Mcu.Pin20=PC4
PA3.Locked=true
Mcu.Pin21=PC5
PA10.Locked=true
NVIC.ForceEnableDMAVector=true
NVIC.MemoryManagement_IRQn=true\:0\:0\:false\:false\:true\:false\:true\:false
ProjectManager.CompilerOptimize=6
PD15.Locked=true
PG11.Mode=RMII
PA11.Signal=USB_OTG_FS_DM
ProjectManager.HeapSize=0x200
PA0.GPIOParameters=GPIO_Label
Mcu.Pin15=PA1
NVIC.HardFault_IRQn=true\:0\:0\:false\:false\:true\:false\:true\:false
Mcu.Pin16=PA2
LWIP.Version=v2.0.3_Cube
Mcu.Pin13=PC1
Mcu.Pin14=PA0
Mcu.Pin19=PA7
RCC.LPTIM345Freq_Value=96000000
ProjectManager.ComputerToolchain=false
Mcu.Pin17=PA3
Mcu.Pin18=PA6
RCC.TIM3Freq_Value=72000000
RCC.LTDCFreq_Value=16125000
LWIP.LWIP_IPV6_NUM_ADDRESSES=5
NVIC.PriorityGroup=NVIC_PRIORITYGROUP_4
Mcu.Pin11=PH1-OSC_OUT (PH1)
PF0.GPIO_Label=wheel_motor_back_right_esf
Mcu.Pin12=PC0
Mcu.Pin10=PH0-OSC_IN (PH0)
LWIP.LWIP_TCPIP_CORE_LOCKING_INPUT=0
RCC.PWRFreq_Value=96000000
PF3.Locked=true
PA8.Mode=Activate_SOF_FS
PF4.Signal=GPIO_Output
PB4\ (NJTRST).GPIO_Label=wheel_motor_front_left_coast
PD2.Signal=GPIO_Output
RCC.HCLK3ClockFreq_Value=96000000
RCC.I2C2Freq_Value=54000000
RCC.SDMMC2Freq_Value=216000000
PC0.Locked=true
PC1.Signal=ETH_MDC
PB12.GPIOParameters=GPIO_Label
PD2.GPIO_Label=ublox_reset
PG7.GPIOParameters=GPIO_Label
PC1.Mode=RMII
Mcu.Family=STM32H7
RCC.DIVQ2Freq_Value=16125000
ProjectManager.MainLocation=Src
RCC.MCOFreq_Value=72000000
LWIP0.BSP.STBoard=false
SH.S_TIM4_CH2.ConfNb=1
RCC.SAI1Freq_Value=48000000
RCC.CortexFreq_Value=96000000
PG6.Signal=GPIO_Output
ProjectManager.KeepUserCode=true
Mcu.UserName=STM32H743ZITx
PD9.GPIOParameters=GPIO_Label
PH0-OSC_IN\ (PH0).Signal=RCC_OSC_IN
PH0-OSC_IN\ (PH0).Locked=true
PG6.Locked=true
LWIP.LWIP_SO_RCVTIMEO=1
PC15-OSC32_OUT\ (OSC32_OUT).Mode=LSE-External-Oscillator
PC5.Locked=true
RCC.SYSCLKSourceVirtual=RCC_SYSCLKSOURCE_PLLCLK
PF0.GPIOParameters=GPIO_Label
PA0.GPIO_Label=wheel_motor_back_right_brake
PA12.GPIOParameters=GPIO_Label
Dma.UART8_RX.0.Direction=DMA_PERIPH_TO_MEMORY
ProjectManager.functionlistsort=1-MX_GPIO_Init-GPIO-false-HAL-true,2-SystemClock_Config-RCC-false-HAL-false,3-MX_USART3_UART_Init-USART3-false-HAL-true,4-MX_USB_OTG_FS_PCD_Init-USB_OTG_FS-false-HAL-true,5-MX_CRC_Init-CRC-false-HAL-true,6-MX_LWIP_Init-LWIP-false-HAL-false,7-MX_TIM4_Init-TIM4-false-HAL-true,8-MX_UART4_Init-UART4-false-HAL-true,0-MX_CORTEX_M7_Init-CORTEX_M7-false-HAL-true
PC0.GPIOParameters=GPIO_Label
PA9.GPIOParameters=GPIO_Label
LWIP.LWIP_SOCKET=0
PA11.GPIOParameters=GPIO_Label
PC0.GPIO_Label=wheel_motor_back_right_coast
PA11.Mode=Device_Only
PC9.Locked=true
RCC.PLLI2SRCLKFreq_Value=96000000
RCC.USART2Freq_Value=54000000
PD2.Locked=true
RCC.VCO2OutputFreq_Value=32250000
PC13.GPIO_Label=USER_Btn [B1]
PC1.Locked=true
PB13.GPIO_Label=RMII_TXD1
PB11.Signal=GPIO_Output
PB15.Signal=GPIO_Output
PD9.Mode=Asynchronous
PG11.Signal=ETH_TX_EN
ProjectManager.StackSize=0x400
PB5.GPIOParameters=GPIO_Label
VP_FREERTOS_VS_CMSIS_V2.Mode=CMSIS_V2
RCC.VCOInput3Freq_Value=250000
CORTEX_M7.IsShareable-Cortex_Memory_Protection_Unit_Region2_Settings=MPU_ACCESS_SHAREABLE
RCC.I2C3Freq_Value=54000000
PD13.Signal=S_TIM4_CH2
Mcu.IP4=FREERTOS
Mcu.IP5=LWIP
RCC.FCLKCortexFreq_Value=216000000
PD13.Locked=true
Mcu.IP2=DMA
Mcu.IP3=ETH
Mcu.IP0=CORTEX_M7
PA12.Locked=true
Mcu.IP1=CRC
PA12.Signal=USB_OTG_FS_DP
Mcu.UserConstants=
PC1.GPIOParameters=GPIO_Label
PF1.GPIOParameters=GPIO_Label
RCC.DIVP3Freq_Value=16125000
RCC.SDMMCFreq_Value=48000000
PF5.Locked=true
SH.GPXTI13.ConfNb=1
Mcu.ThirdPartyNb=0
RCC.SDIOFreq_Value=48000000
RCC.HCLKFreq_Value=96000000
Mcu.IPNb=13
RCC.I2SClocksFreq_Value=48000000
RCC.PLLI2SRoutputFreq_Value=96000000
ProjectManager.PreviousToolchain=
PF1.Locked=true
RCC.SPDIFRXFreq_Value=48000000
RCC.VcooutputI2S=48000000
RCC.PLLRoutputFreq_Value=192000000
PD8.GPIOParameters=GPIO_Label
PA8.GPIOParameters=GPIO_Label
Mcu.Pin6=PF3
Mcu.Pin7=PF4
Mcu.Pin8=PF5
Mcu.Pin9=PF6
RCC.VCOSAIOutputFreq_Value=192000000
FREERTOS.IPParameters=Tasks01,configMINIMAL_STACK_SIZE,FootprintOK,configTOTAL_HEAP_SIZE,Queues01
RCC.AHBFreq_Value=216000000
RCC.TIM2Freq_Value=72000000
Mcu.Pin0=PC13
Mcu.Pin1=PC14-OSC32_IN (OSC32_IN)
NVIC.ETH_IRQn=true\:5\:0\:false\:false\:true\:true\:true\:true
GPIO.groupedBy=Group By Peripherals
Mcu.Pin2=PC15-OSC32_OUT (OSC32_OUT)
RCC.HRTIMFreq_Value=96000000
Mcu.Pin3=PF0
Mcu.Pin4=PF1
Mcu.Pin5=PF2
RCC.DIVR3Freq_Value=16125000
RCC.HSE_VALUE=8000000
LWIP0.BSP.condition=
NVIC.DebugMonitor_IRQn=true\:0\:0\:false\:false\:true\:false\:true\:false
CORTEX_M7.Size-Cortex_Memory_Protection_Unit_Region2_Settings=MPU_REGION_SIZE_512KB
Mcu.IP10=UART8
NVIC.SysTick_IRQn=true\:15\:0\:false\:false\:true\:true\:true\:true
Mcu.IP12=USB_OTG_FS
RCC.PLLMUL=RCC_PLL_MUL9
Mcu.IP11=USART3
LWIP.LWIP_TCP=0
CORTEX_M7.IsCacheable-Cortex_Memory_Protection_Unit_Region2_Settings=MPU_ACCESS_CACHEABLE
RCC.DIVP1Freq_Value=96000000
CORTEX_M7.TypeExtField-Cortex_Memory_Protection_Unit_Region2_Settings=MPU_TEX_LEVEL1
RCC.VCOInputFreq_Value=1000000
File.Version=6
PA10.GPIO_Label=USB_ID
LWIP.LWIP_IPV6_FORWARD=0
PB7.Signal=GPIO_Output
PB8.Locked=true
PG13.Mode=RMII
LWIP0.BSP.solution=LAN8742
LWIP.LWIP_BROADCAST_PING=1
Dma.RequestsNb=1
PB6.GPIOParameters=GPIO_Label
FREERTOS.configTOTAL_HEAP_SIZE=80720
ProjectManager.ProjectName=frankie_v1
RCC.APB3Freq_Value=96000000
LWIP0.BSP.i2creg=
PB7.GPIO_Label=LD2 [Blue]
LWIP0.BSP.component=LAN8742
PB4\ (NJTRST).Locked=true
PD13.GPIO_Label=wheel_motor_back_left_pwm
PA6.Signal=GPIO_Output
PA7.Locked=true
Dma.UART8_RX.0.MemDataAlignment=DMA_MDATAALIGN_BYTE
PG11.Locked=true
CORTEX_M7.BaseAddress-Cortex_Memory_Protection_Unit_Region1_Settings=0x30044000
Dma.UART8_RX.0.SyncEnable=DISABLE
ProjectManager.ToolChainLocation=
PD14.Locked=true
PA2.GPIO_Label=RMII_MDIO
RCC.LSI_VALUE=32000
PF5.GPIO_Label=wheel_motor_front_right_brake
USB_OTG_FS.VirtualMode=Device_Only
RCC.DIVR1Freq_Value=96000000
PF5.Signal=GPIO_Output
RCC.TIM16Freq_Value=72000000
CORTEX_M7.Size-Cortex_Memory_Protection_Unit_Region1_Settings=MPU_REGION_SIZE_16KB
PF4.Locked=true
PB5.GPIO_Label=wheel_motor_front_left_mode
LWIP.CHECKSUM_BY_HARDWARE=1
PC4.Locked=true
NVIC.DMA1_Stream0_IRQn=true\:5\:0\:false\:false\:true\:true\:false\:true
PG11.GPIO_Label=RMII_TX_EN
PF0.Signal=GPIO_Output
PC5.Signal=ETH_RXD1
PD3.GPIO_Label=wheel_motor_back_right_mode
Dma.UART8_RX.0.SignalID=NONE
Dma.Request0=UART8_RX
PF3.GPIO_Label=wheel_motor_front_right_mode
CORTEX_M7.IsShareable-Cortex_Memory_Protection_Unit_Region1_Settings=MPU_ACCESS_NOT_SHAREABLE
RCC.Tim2OutputFreq_Value=96000000
VP_LWIP_VS_Enabled.Signal=LWIP_VS_Enabled
RCC.DFSDMACLkFreq_Value=48000000
PB15.Locked=true
PA3.Signal=GPIO_Output
PA2.Locked=true
PB3\ (JTDO/TRACESWO).GPIO_Label=wheel_motor_front_left_reset
RCC.PLLSourceVirtual=RCC_PLLSOURCE_HSE
TIM4.Channel-PWM\ Generation1\ CH1=TIM_CHANNEL_1
RCC.I2SFreq_Value=96000000
CORTEX_M7.CPU_ICache=Enabled
PD15.GPIO_Label=wheel_motor_front_right_pwm
PG7.Locked=true
PB8.GPIOParameters=GPIO_Label
PA7.Mode=RMII
PG7.Signal=GPIO_Input
RCC.UART7Freq_Value=54000000
PB9.GPIO_Label=wheel_motor_front_left_brake
Dma.UART8_RX.0.Priority=DMA_PRIORITY_LOW
PC9.GPIO_Label=wheel_motor_back_left_direction
ProjectManager.NoMain=false
SH.S_TIM4_CH4.0=TIM4_CH4,PWM Generation4 CH4
RCC.FMPI2C1Freq_Value=48000000
RCC.SAI4BFreq_Value=48000000
RCC.VCOI2SInputFreq_Value=500000
LWIP.LWIP_IPV4=0
PC4.Signal=ETH_RXD0
Dma.UART8_RX.0.SyncPolarity=HAL_DMAMUX_SYNC_NO_EVENT
LWIP.LWIP_IPV6=1
ProjectManager.DefaultFWLocation=true
PD9.Signal=USART3_RX
PB12.Locked=true
ProjectManager.DeletePrevious=true
PB10.Locked=true
boardIOC=true
PA12.GPIO_Label=USB_DP
CORTEX_M7.BaseAddress-Cortex_Memory_Protection_Unit_Region2_Settings=0x24000000
RCC.FamilyName=M
PH1-OSC_OUT\ (PH1).Signal=RCC_OSC_OUT
VP_LWIP_VS_Enabled.Mode=Enabled
LWIP.LWIP_DNS=0
PB9.GPIOParameters=GPIO_Label
PD8.GPIO_Label=STLK_RX [STM32F103CBT6_PA3]
PC14-OSC32_IN\ (OSC32_IN).Locked=true
RCC.SPI6Freq_Value=96000000
LWIP.MEMP_NUM_UDP_PCB=10
CORTEX_M7.MPU_Control=MPU_PRIVILEGED_DEFAULT
PA9.Mode=Activate_VBUS
PB4\ (NJTRST).GPIOParameters=GPIO_Label
RCC.SPI45Freq_Value=96000000
PF6.Signal=GPIO_Output
PB3\ (JTDO/TRACESWO).Locked=true
PB3\ (JTDO/TRACESWO).Signal=GPIO_Output
ProjectManager.TargetToolchain=Makefile
PC15-OSC32_OUT\ (OSC32_OUT).Signal=RCC_OSC32_OUT
PB10.GPIO_Label=wheel_motor_front_left_esf
CORTEX_M7.TypeExtField-Cortex_Memory_Protection_Unit_Region1_Settings=MPU_TEX_LEVEL0
RCC.VCO1OutputFreq_Value=192000000
PF6.Locked=true
LWIP.LWIP_SNTP=0
PB7.GPIOParameters=GPIO_Label
SH.S_TIM4_CH3.0=TIM4_CH3,PWM Generation3 CH3
PC5.GPIOParameters=GPIO_Label
PB2.GPIOParameters=GPIO_Label
RCC.AXIClockFreq_Value=96000000
RCC.I2S1Freq_Value=48000000
PF2.Signal=GPIO_Output
LWIP0.BSP.instance=LAN8742
PE0.Locked=true
RCC.USBFreq_Value=48000000
PF5.GPIOParameters=GPIO_Label
RCC.PLLSAIoutputFreq_Value=96000000
TIM4.Prescaler=9-1
LWIP0.BSP.api=BSP_COMPONENT_DRIVER
PD3.Locked=true
PA1.Signal=ETH_REF_CLK
RCC.CKPERFreq_Value=64000000
LWIP0.BSP.semaphore=
PB1.Locked=true
SH.S_TIM4_CH3.ConfNb=1
RCC.VCOI2SOutputFreq_Value=192000000
RCC.PLLSAIPCLKFreq_Value=96000000
board=NUCLEO-H743ZI
RCC.VCOOutputFreq_Value=432000000
RCC.VCOInput1Freq_Value=8000000
RCC.VCOOutput2Freq_Value=8000000
Dma.UART8_RX.0.PeriphInc=DMA_PINC_DISABLE
LWIP.ETHARP_SUPPORT_VLAN=1
TIM4.Channel-PWM\ Generation2\ CH2=TIM_CHANNEL_2
RCC.APB2Freq_Value=96000000
RCC.TIM8Freq_Value=72000000
RCC.UART4Freq_Value=54000000
MxCube.Version=5.6.1
Dma.UART8_RX.0.Mode=DMA_CIRCULAR
PC13.GPIOParameters=GPIO_Label
RCC.FDCANFreq_Value=48000000
RCC.ADCFreq_Value=16125000
PC1.GPIO_Label=RMII_MDC
PA10.GPIOParameters=GPIO_Label
VP_SYS_VS_Systick.Mode=SysTick
PD14.GPIO_Label=wheel_motor_back_right_pwm
PF0.Locked=true
PF1.Signal=GPIO_Output
RCC.UART5Freq_Value=54000000
PB15.GPIOParameters=GPIO_Label
RCC.IPParameters=48MHZClocksFreq_Value,ADC12outputFreq_Value,ADC34outputFreq_Value,ADCFreq_Value,AHB12Freq_Value,AHB4Freq_Value,AHBFreq_Value,APB1CLKDivider,APB1Freq_Value,APB1TimFreq_Value,APB2CLKDivider,APB2Freq_Value,APB2TimFreq_Value,APB3Freq_Value,APB4Freq_Value,AXIClockFreq_Value,CECFreq_Value,CKPERFreq_Value,CortexFreq_Value,CpuClockFreq_Value,D1CPREFreq_Value,DFSDMACLkFreq_Value,DFSDMAudioFreq_Value,DFSDMFreq_Value,DIVM1,DIVN1,DIVP1Freq_Value,DIVP2Freq_Value,DIVP3Freq_Value,DIVQ1,DIVQ1Freq_Value,DIVQ2Freq_Value,DIVQ3Freq_Value,DIVR1Freq_Value,DIVR2Freq_Value,DIVR3Freq_Value,EthernetFreq_Value,FCLKCortexFreq_Value,FDCANFreq_Value,FMCFreq_Value,FMPI2C1Freq_Value,FamilyName,HCLK3ClockFreq_Value,HCLKFreq_Value,HPREFreq_Value,HRTIMFreq_Value,HSE_VALUE,HSI_VALUE,I2C123Freq_Value,I2C1Freq_Value,I2C2Freq_Value,I2C3Freq_Value,I2C4Freq_Value,I2S1Freq_Value,I2S2Freq_Value,I2SClocksFreq_Value,I2SFreq_Value,LPTIM1Freq_Value,LPTIM2Freq_Value,LPTIM345Freq_Value,LPUART1Freq_Value,LSI_VALUE,LTDCFreq_Value,MCO1PinFreq_Value,MCO2PinFreq_Value,MCOFreq_Value,PLLCLKFreq_Value,PLLI2SPCLKFreq_Value,PLLI2SQCLKFreq_Value,PLLI2SQoutputFreq_Value,PLLI2SRCLKFreq_Value,PLLI2SRoutputFreq_Value,PLLI2SoutputFreq_Value,PLLM,PLLMCOFreq_Value,PLLMUL,PLLN,PLLQ,PLLQCLKFreq_Value,PLLQoutputFreq_Value,PLLRCLKFreq_Value,PLLRoutputFreq_Value,PLLSAIPCLKFreq_Value,PLLSAIQCLKFreq_Value,PLLSAIoutputFreq_Value,PLLSourceVirtual,PRESCALERUSB,PWRFreq_Value,PWR_Regulator_Voltage_Scale,QSPIFreq_Value,RNGFreq_Value,RTCFreq_Value,RTCHSEDivFreq_Value,SAI1Freq_Value,SAI23Freq_Value,SAI2Freq_Value,SAI4AFreq_Value,SAI4BFreq_Value,SDIOFreq_Value,SDMMC2Freq_Value,SDMMCFreq_Value,SPDIFRXFreq_Value,SPI123Freq_Value,SPI45Freq_Value,SPI6Freq_Value,SWPMI1Freq_Value,SYSCLKFreq_VALUE,SYSCLKSource,SYSCLKSourceVirtual,TIM15Freq_Value,TIM16Freq_Value,TIM17Freq_Value,TIM1Freq_Value,TIM20Freq_Value,TIM2Freq_Value,TIM3Freq_Value,TIM8Freq_Value,Tim1OutputFreq_Value,Tim2OutputFreq_Value,TraceFreq_Value,UART4Freq_Value,UART5Freq_Value,UART7Freq_Value,UART8Freq_Value,USART16Freq_Value,USART1Freq_Value,USART234578Freq_Value,USART2Freq_Value,USART3Freq_Value,USART6Freq_Value,USBFreq_Value,VCO1OutputFreq_Value,VCO2OutputFreq_Value,VCO3OutputFreq_Value,VCOI2SInputFreq_Value,VCOI2SOutputFreq_Value,VCOInput1Freq_Value,VCOInput2Freq_Value,VCOInput3Freq_Value,VCOInputFreq_Value,VCOInputMFreq_Value,VCOOutput2Freq_Value,VCOOutputFreq_Value,VCOSAIOutputFreq_Value,VcooutputI2S,WatchDogFreq_Value
ProjectManager.AskForMigrate=true
Mcu.Name=STM32H743ZITx
PE0.Signal=UART8_RX
CORTEX_M7.Size-Cortex_Memory_Protection_Unit_Region0_Settings=MPU_REGION_SIZE_256B
PA2.Signal=ETH_MDIO
CORTEX_M7.AccessPermission-Cortex_Memory_Protection_Unit_Region1_Settings=MPU_REGION_FULL_ACCESS
CORTEX_M7.IsCacheable-Cortex_Memory_Protection_Unit_Region1_Settings=MPU_ACCESS_CACHEABLE
PB2.Locked=true
Mcu.IP8=SYS
VP_FREERTOS_VS_CMSIS_V2.Signal=FREERTOS_VS_CMSIS_V2
Mcu.IP9=TIM4
PD14.Signal=S_TIM4_CH3
Mcu.IP6=NVIC
Mcu.IP7=RCC
ProjectManager.CoupleFile=false
RCC.48MHZClocksFreq_Value=24000000
RCC.SYSCLKFreq_VALUE=96000000
RCC.I2C123Freq_Value=96000000
PA1.Locked=true
PA12.Mode=Device_Only
KeepUserPlacement=true
LWIP.BSP.number=1
PC14-OSC32_IN\ (OSC32_IN).Signal=RCC_OSC32_IN
PC5.GPIO_Label=RMII_RXD1
Dma.UART8_RX.0.RequestNumber=1
PB2.GPIO_Label=wheel_motor_back_left_esf
PF6.GPIOParameters=GPIO_Label
RCC.TIM20Freq_Value=72000000
RCC.HSI_VALUE=64000000
RCC.PLLQ=9
RCC.SAI4AFreq_Value=48000000
Dma.UART8_RX.0.RequestParameters=Instance,Direction,PeriphInc,MemInc,PeriphDataAlignment,MemDataAlignment,Mode,Priority,FIFOMode,SignalID,Polarity,RequestNumber,SyncSignalID,SyncPolarity,SyncEnable,EventEnable,SyncRequestNumber
PH0-OSC_IN\ (PH0).GPIO_Label=MCO
RCC.PLLM=25
RCC.PLLN=432
PB7.Locked=true
RCC.DIVQ1Freq_Value=48000000
PA2.Mode=RMII
PB8.Signal=GPIO_Output
PC9.Signal=GPIO_Output
CORTEX_M7.CPU_DCache=Enabled
LWIP0.BSP.name=Driver_PHY
RCC.VCOInput2Freq_Value=250000
PD9.Locked=true
RCC.APB1Freq_Value=96000000
VP_CRC_VS_CRC.Mode=CRC_Activate
PB11.Locked=true
ProjectManager.DeviceId=STM32H743ZITx
PB12.Signal=GPIO_Output
PE0.Mode=Asynchronous
ProjectManager.LibraryCopy=1
PG11.GPIOParameters=GPIO_Label
PA3.GPIO_Label=wheel_motor_back_right_reset
PB1.GPIOParameters=GPIO_Label
PH0-OSC_IN\ (PH0).GPIOParameters=GPIO_Label
PA7.Signal=ETH_CRS_DV
PB4\ (NJTRST).Signal=GPIO_Output
PF2.GPIO_Label=wheel_motor_front_right_coast
PA6.Locked=true
